
Microsoft Visual Studio Solution File, Format Version 12.00
# Visual Studio 15
Project("{FAE04EC0-301F-11D3-BF4B-00C04F79EFBC}") = "UnityEngine.UI", "UnityEngine.UI.csproj", "{577488DA-685B-AEC8-1141-4A6540E385B5}"
EndProject
Project("{FAE04EC0-301F-11D3-BF4B-00C04F79EFBC}") = "UnityEngine.TestRunner", "UnityEngine.TestRunner.csproj", "{4D3B61FB-6ED8-7BF2-9DBC-28801053FD3C}"
EndProject
Project("{FAE04EC0-301F-11D3-BF4B-00C04F79EFBC}") = "Unity.2D.Animation.Triangle.Runtime", "Unity.2D.Animation.Triangle.Runtime.csproj", "{2947DB16-0F71-644A-4FAB-9483684DA5FB}"
EndProject
Project("{FAE04EC0-301F-11D3-BF4B-00C04F79EFBC}") = "Unity.TextMeshPro", "Unity.TextMeshPro.csproj", "{5139E5F2-7AA7-BECC-84DB-E7BDB1E7DFCA}"
EndProject
Project("{FAE04EC0-301F-11D3-BF4B-00C04F79EFBC}") = "Unity.2D.Animation.Runtime", "Unity.2D.Animation.Runtime.csproj", "{B2211846-7B18-C019-6D1A-58D359FBC3BA}"
EndProject
Project("{FAE04EC0-301F-11D3-BF4B-00C04F79EFBC}") = "Unity.Timeline", "Unity.Timeline.csproj", "{8BC26F1F-E7A6-3448-7E5A-B066FA482BA0}"
EndProject
Project("{FAE04EC0-301F-11D3-BF4B-00C04F79EFBC}") = "Assembly-CSharp", "Assembly-CSharp.csproj", "{F62CFCC7-6BE9-0362-2B31-4E6AF8E3EBA6}"
EndProject
Project("{FAE04EC0-301F-11D3-BF4B-00C04F79EFBC}") = "Unity.Mathematics", "Unity.Mathematics.csproj", "{88425C8F-7C3E-1859-15CF-EE10D4EFE54B}"
EndProject
Project("{FAE04EC0-301F-11D3-BF4B-00C04F79EFBC}") = "Unity.2D.SpriteShape.Runtime", "Unity.2D.SpriteShape.Runtime.csproj", "{48374EB9-402B-B5BA-561C-EFE7E5231D66}"
EndProject
Project("{FAE04EC0-301F-11D3-BF4B-00C04F79EFBC}") = "UnityEngine.Advertisements", "UnityEngine.Advertisements.csproj", "{F7B1AC4B-EE3A-386E-B5AC-ABD9F8119B84}"
EndProject
Project("{FAE04EC0-301F-11D3-BF4B-00C04F79EFBC}") = "Unity.Analytics.DataPrivacy", "Unity.Analytics.DataPrivacy.csproj", "{22BCB0D7-5725-12F0-A78E-51BFD5529448}"
EndProject
Project("{FAE04EC0-301F-11D3-BF4B-00C04F79EFBC}") = "UnityEngine.Monetization", "UnityEngine.Monetization.csproj", "{36FE82B0-5956-86AE-3D26-702D17B3B97D}"
EndProject
Project("{FAE04EC0-301F-11D3-BF4B-00C04F79EFBC}") = "UnityEngine.XR.LegacyInputHelpers", "UnityEngine.XR.LegacyInputHelpers.csproj", "{5963481B-D953-0E24-79A0-3FE682A84541}"
EndProject
Project("{FAE04EC0-301F-11D3-BF4B-00C04F79EFBC}") = "UnityEngine.SpatialTracking", "UnityEngine.SpatialTracking.csproj", "{83B14F96-AB06-1B3D-AA3F-1EFBF938C077}"
EndProject
Project("{FAE04EC0-301F-11D3-BF4B-00C04F79EFBC}") = "Unity.2D.PixelPerfect", "Unity.2D.PixelPerfect.csproj", "{9E738E9B-29E8-5D9B-C59E-4942CFEF04A6}"
EndProject
Project("{FAE04EC0-301F-11D3-BF4B-00C04F79EFBC}") = "Unity.InternalAPIEngineBridge.001", "Unity.InternalAPIEngineBridge.001.csproj", "{900F30A2-177D-8CD6-F7D6-A45E1B99797D}"
EndProject
Project("{FAE04EC0-301F-11D3-BF4B-00C04F79EFBC}") = "Unity.2D.Common.Runtime", "Unity.2D.Common.Runtime.csproj", "{4F21B375-7310-EC99-A9EA-7E83C69BE110}"
EndProject
Project("{FAE04EC0-301F-11D3-BF4B-00C04F79EFBC}") = "Unity.TextMeshPro.Editor", "Unity.TextMeshPro.Editor.csproj", "{8065F382-62F0-DA25-21B5-9A011279CC00}"
EndProject
Project("{FAE04EC0-301F-11D3-BF4B-00C04F79EFBC}") = "Unity.Timeline.Editor", "Unity.Timeline.Editor.csproj", "{F5AA067E-F873-3411-F694-3E6CCAC67F71}"
EndProject
Project("{FAE04EC0-301F-11D3-BF4B-00C04F79EFBC}") = "Unity.CollabProxy.Editor", "Unity.CollabProxy.Editor.csproj", "{1E5EB6F7-9B2F-AD19-91FE-8BDEE9154921}"
EndProject
Project("{FAE04EC0-301F-11D3-BF4B-00C04F79EFBC}") = "UnityEditor.TestRunner", "UnityEditor.TestRunner.csproj", "{B1F2D9A7-2C96-F11A-83D7-42A1E0351681}"
EndProject
Project("{FAE04EC0-301F-11D3-BF4B-00C04F79EFBC}") = "Unity.2D.Animation.Editor", "Unity.2D.Animation.Editor.csproj", "{8642A165-78AA-6F99-4DB0-413ABA2E9FC6}"
EndProject
Project("{FAE04EC0-301F-11D3-BF4B-00C04F79EFBC}") = "Unity.2D.Path.Editor", "Unity.2D.Path.Editor.csproj", "{F1888192-476F-4BF5-A066-834D2EDB5EBA}"
EndProject
Project("{FAE04EC0-301F-11D3-BF4B-00C04F79EFBC}") = "Unity.2D.Sprite.Editor", "Unity.2D.Sprite.Editor.csproj", "{9906E771-42D0-ABB8-6766-400C6C5402F5}"
EndProject
Project("{FAE04EC0-301F-11D3-BF4B-00C04F79EFBC}") = "UnityEditor.UI", "UnityEditor.UI.csproj", "{B669CCBA-2E9A-5BE0-3F13-EE7290348DA6}"
EndProject
Project("{FAE04EC0-301F-11D3-BF4B-00C04F79EFBC}") = "Unity.Rider.Editor", "Unity.Rider.Editor.csproj", "{B6F6DB81-5545-2272-6035-498ECF514954}"
EndProject
Project("{FAE04EC0-301F-11D3-BF4B-00C04F79EFBC}") = "Unity.2D.Tilemap.Editor", "Unity.2D.Tilemap.Editor.csproj", "{00A022C8-A241-E158-E41C-2F3EC8E7E572}"
EndProject
Project("{FAE04EC0-301F-11D3-BF4B-00C04F79EFBC}") = "Unity.VisualStudio.Editor", "Unity.VisualStudio.Editor.csproj", "{1C4118BF-3F40-85B3-31C3-C23F4A025E9C}"
EndProject
Project("{FAE04EC0-301F-11D3-BF4B-00C04F79EFBC}") = "Unity.2D.SpriteShape.Editor", "Unity.2D.SpriteShape.Editor.csproj", "{2061395D-AC14-C4D3-1B22-D1073E1C17C1}"
EndProject
Project("{FAE04EC0-301F-11D3-BF4B-00C04F79EFBC}") = "UnityEditor.XR.LegacyInputHelpers", "UnityEditor.XR.LegacyInputHelpers.csproj", "{C132C7AF-8A62-6DF0-6C9E-9453411FE9C2}"
EndProject
Project("{FAE04EC0-301F-11D3-BF4B-00C04F79EFBC}") = "PsdPlugin", "PsdPlugin.csproj", "{DB6C6C30-273D-C75D-1C20-45CC34465899}"
EndProject
Project("{FAE04EC0-301F-11D3-BF4B-00C04F79EFBC}") = "Unity.2D.Common.Editor", "Unity.2D.Common.Editor.csproj", "{32204388-C6F3-9F9C-6A77-2A372E662D9A}"
EndProject
Project("{FAE04EC0-301F-11D3-BF4B-00C04F79EFBC}") = "Unity.VSCode.Editor", "Unity.VSCode.Editor.csproj", "{8E9A79DC-D873-09BD-AFB8-6DC31A69176B}"
EndProject
Project("{FAE04EC0-301F-11D3-BF4B-00C04F79EFBC}") = "Unity.2D.Psdimporter.Editor", "Unity.2D.Psdimporter.Editor.csproj", "{7272718F-C8CD-965E-C5BF-EB358A01A87E}"
EndProject
Project("{FAE04EC0-301F-11D3-BF4B-00C04F79EFBC}") = "Unity.2D.PixelPerfect.Editor", "Unity.2D.PixelPerfect.Editor.csproj", "{43DC0417-9D79-7D82-3FE1-0B56FB0EF793}"
EndProject
Project("{FAE04EC0-301F-11D3-BF4B-00C04F79EFBC}") = "Unity.Mathematics.Editor", "Unity.Mathematics.Editor.csproj", "{6BFE1E2A-7562-9166-61DF-0492D18D0D8F}"
EndProject
Project("{FAE04EC0-301F-11D3-BF4B-00C04F79EFBC}") = "Unity.InternalAPIEditorBridge.001", "Unity.InternalAPIEditorBridge.001.csproj", "{AAB19BFB-A051-930F-5B19-047429FED6EB}"
EndProject
Project("{FAE04EC0-301F-11D3-BF4B-00C04F79EFBC}") = "UnityEditor.SpatialTracking", "UnityEditor.SpatialTracking.csproj", "{0FF4B672-3FE1-DAA7-AAD8-76BE26BE201B}"
EndProject
Project("{FAE04EC0-301F-11D3-BF4B-00C04F79EFBC}") = "UnityEngine.UI", "UnityEngine.UI.Player.csproj", "{3908B075-C38E-391D-55B7-D238D29D4327}"
EndProject
Project("{FAE04EC0-301F-11D3-BF4B-00C04F79EFBC}") = "UnityEngine.TestRunner", "UnityEngine.TestRunner.Player.csproj", "{2C9E0348-45C7-C776-31D2-8F2027D145CF}"
EndProject
Project("{FAE04EC0-301F-11D3-BF4B-00C04F79EFBC}") = "Unity.2D.Animation.Triangle.Runtime", "Unity.2D.Animation.Triangle.Runtime.Player.csproj", "{CD03FB9C-16C1-7F93-3518-7807C80EA872}"
EndProject
Project("{FAE04EC0-301F-11D3-BF4B-00C04F79EFBC}") = "Unity.TextMeshPro", "Unity.TextMeshPro.Player.csproj", "{C7DE2108-747D-10B9-BE91-D129DF30493E}"
EndProject
Project("{FAE04EC0-301F-11D3-BF4B-00C04F79EFBC}") = "Unity.2D.Animation.Runtime", "Unity.2D.Animation.Runtime.Player.csproj", "{55923D9A-D846-C82B-9A4F-8E40AAF3FF9A}"
EndProject
Project("{FAE04EC0-301F-11D3-BF4B-00C04F79EFBC}") = "Unity.Timeline", "Unity.Timeline.Player.csproj", "{8D88A742-E4D0-6A97-3C25-2EF38308AE6E}"
EndProject
Project("{FAE04EC0-301F-11D3-BF4B-00C04F79EFBC}") = "Assembly-CSharp", "Assembly-CSharp.Player.csproj", "{819EA90D-4605-3E07-AC4E-D4D0784805F2}"
EndProject
Project("{FAE04EC0-301F-11D3-BF4B-00C04F79EFBC}") = "Unity.Mathematics", "Unity.Mathematics.Player.csproj", "{E90350DE-DC53-B395-EA53-C507BCEA03D6}"
EndProject
Project("{FAE04EC0-301F-11D3-BF4B-00C04F79EFBC}") = "Unity.2D.SpriteShape.Runtime", "Unity.2D.SpriteShape.Runtime.Player.csproj", "{A2AB8E9E-3942-081C-AA23-659D09051146}"
EndProject
Project("{FAE04EC0-301F-11D3-BF4B-00C04F79EFBC}") = "UnityEngine.Advertisements", "UnityEngine.Advertisements.Player.csproj", "{FF7CBEE6-059B-3F15-0FDD-AF347490C225}"
EndProject
Project("{FAE04EC0-301F-11D3-BF4B-00C04F79EFBC}") = "Unity.Analytics.DataPrivacy", "Unity.Analytics.DataPrivacy.Player.csproj", "{E7F112CC-EB67-7AFA-2822-46B45E4D46B1}"
EndProject
Project("{FAE04EC0-301F-11D3-BF4B-00C04F79EFBC}") = "UnityEngine.Monetization", "UnityEngine.Monetization.Player.csproj", "{C24F051E-7DA6-C1FD-54A5-50A40FB11EC2}"
EndProject
Project("{FAE04EC0-301F-11D3-BF4B-00C04F79EFBC}") = "UnityEngine.XR.LegacyInputHelpers", "UnityEngine.XR.LegacyInputHelpers.Player.csproj", "{BA72CDE1-AEFD-252A-F9F9-0181AED4DE4D}"
EndProject
Project("{FAE04EC0-301F-11D3-BF4B-00C04F79EFBC}") = "UnityEngine.SpatialTracking", "UnityEngine.SpatialTracking.Player.csproj", "{006AE666-8F7D-1FAC-2208-0B99340D7DAF}"
EndProject
Project("{FAE04EC0-301F-11D3-BF4B-00C04F79EFBC}") = "Unity.2D.PixelPerfect", "Unity.2D.PixelPerfect.Player.csproj", "{D363A58A-CB63-A452-D8CA-F45322753C99}"
EndProject
Project("{FAE04EC0-301F-11D3-BF4B-00C04F79EFBC}") = "Unity.InternalAPIEngineBridge.001", "Unity.InternalAPIEngineBridge.001.Player.csproj", "{2C37D196-A4C7-77F2-564C-A024742D9DC5}"
EndProject
Project("{FAE04EC0-301F-11D3-BF4B-00C04F79EFBC}") = "Unity.2D.Common.Runtime", "Unity.2D.Common.Runtime.Player.csproj", "{ECD2D49E-DA4E-3A9D-DBE5-3D39C6EF180C}"
EndProject
Global
	GlobalSection(SolutionConfigurationPlatforms) = preSolution
		Debug|Any CPU = Debug|Any CPU
		Release|Any CPU = Release|Any CPU
	EndGlobalSection
	GlobalSection(ProjectConfigurationPlatforms) = postSolution
		{577488DA-685B-AEC8-1141-4A6540E385B5}.Debug|Any CPU.ActiveCfg = Debug|Any CPU
		{577488DA-685B-AEC8-1141-4A6540E385B5}.Debug|Any CPU.Build.0 = Debug|Any CPU
		{577488DA-685B-AEC8-1141-4A6540E385B5}.Release|Any CPU.ActiveCfg = Release|Any CPU
		{577488DA-685B-AEC8-1141-4A6540E385B5}.Release|Any CPU.Build.0 = Release|Any CPU
		{4D3B61FB-6ED8-7BF2-9DBC-28801053FD3C}.Debug|Any CPU.ActiveCfg = Debug|Any CPU
		{4D3B61FB-6ED8-7BF2-9DBC-28801053FD3C}.Debug|Any CPU.Build.0 = Debug|Any CPU
		{4D3B61FB-6ED8-7BF2-9DBC-28801053FD3C}.Release|Any CPU.ActiveCfg = Release|Any CPU
		{4D3B61FB-6ED8-7BF2-9DBC-28801053FD3C}.Release|Any CPU.Build.0 = Release|Any CPU
		{2947DB16-0F71-644A-4FAB-9483684DA5FB}.Debug|Any CPU.ActiveCfg = Debug|Any CPU
		{2947DB16-0F71-644A-4FAB-9483684DA5FB}.Debug|Any CPU.Build.0 = Debug|Any CPU
		{2947DB16-0F71-644A-4FAB-9483684DA5FB}.Release|Any CPU.ActiveCfg = Release|Any CPU
		{2947DB16-0F71-644A-4FAB-9483684DA5FB}.Release|Any CPU.Build.0 = Release|Any CPU
		{5139E5F2-7AA7-BECC-84DB-E7BDB1E7DFCA}.Debug|Any CPU.ActiveCfg = Debug|Any CPU
		{5139E5F2-7AA7-BECC-84DB-E7BDB1E7DFCA}.Debug|Any CPU.Build.0 = Debug|Any CPU
		{5139E5F2-7AA7-BECC-84DB-E7BDB1E7DFCA}.Release|Any CPU.ActiveCfg = Release|Any CPU
		{5139E5F2-7AA7-BECC-84DB-E7BDB1E7DFCA}.Release|Any CPU.Build.0 = Release|Any CPU
		{B2211846-7B18-C019-6D1A-58D359FBC3BA}.Debug|Any CPU.ActiveCfg = Debug|Any CPU
		{B2211846-7B18-C019-6D1A-58D359FBC3BA}.Debug|Any CPU.Build.0 = Debug|Any CPU
		{B2211846-7B18-C019-6D1A-58D359FBC3BA}.Release|Any CPU.ActiveCfg = Release|Any CPU
		{B2211846-7B18-C019-6D1A-58D359FBC3BA}.Release|Any CPU.Build.0 = Release|Any CPU
		{8BC26F1F-E7A6-3448-7E5A-B066FA482BA0}.Debug|Any CPU.ActiveCfg = Debug|Any CPU
		{8BC26F1F-E7A6-3448-7E5A-B066FA482BA0}.Debug|Any CPU.Build.0 = Debug|Any CPU
		{8BC26F1F-E7A6-3448-7E5A-B066FA482BA0}.Release|Any CPU.ActiveCfg = Release|Any CPU
		{8BC26F1F-E7A6-3448-7E5A-B066FA482BA0}.Release|Any CPU.Build.0 = Release|Any CPU
		{F62CFCC7-6BE9-0362-2B31-4E6AF8E3EBA6}.Debug|Any CPU.ActiveCfg = Debug|Any CPU
		{F62CFCC7-6BE9-0362-2B31-4E6AF8E3EBA6}.Debug|Any CPU.Build.0 = Debug|Any CPU
		{F62CFCC7-6BE9-0362-2B31-4E6AF8E3EBA6}.Release|Any CPU.ActiveCfg = Release|Any CPU
		{F62CFCC7-6BE9-0362-2B31-4E6AF8E3EBA6}.Release|Any CPU.Build.0 = Release|Any CPU
		{88425C8F-7C3E-1859-15CF-EE10D4EFE54B}.Debug|Any CPU.ActiveCfg = Debug|Any CPU
		{88425C8F-7C3E-1859-15CF-EE10D4EFE54B}.Debug|Any CPU.Build.0 = Debug|Any CPU
		{88425C8F-7C3E-1859-15CF-EE10D4EFE54B}.Release|Any CPU.ActiveCfg = Release|Any CPU
		{88425C8F-7C3E-1859-15CF-EE10D4EFE54B}.Release|Any CPU.Build.0 = Release|Any CPU
		{48374EB9-402B-B5BA-561C-EFE7E5231D66}.Debug|Any CPU.ActiveCfg = Debug|Any CPU
		{48374EB9-402B-B5BA-561C-EFE7E5231D66}.Debug|Any CPU.Build.0 = Debug|Any CPU
		{48374EB9-402B-B5BA-561C-EFE7E5231D66}.Release|Any CPU.ActiveCfg = Release|Any CPU
		{48374EB9-402B-B5BA-561C-EFE7E5231D66}.Release|Any CPU.Build.0 = Release|Any CPU
		{F7B1AC4B-EE3A-386E-B5AC-ABD9F8119B84}.Debug|Any CPU.ActiveCfg = Debug|Any CPU
		{F7B1AC4B-EE3A-386E-B5AC-ABD9F8119B84}.Debug|Any CPU.Build.0 = Debug|Any CPU
		{F7B1AC4B-EE3A-386E-B5AC-ABD9F8119B84}.Release|Any CPU.ActiveCfg = Release|Any CPU
		{F7B1AC4B-EE3A-386E-B5AC-ABD9F8119B84}.Release|Any CPU.Build.0 = Release|Any CPU
		{22BCB0D7-5725-12F0-A78E-51BFD5529448}.Debug|Any CPU.ActiveCfg = Debug|Any CPU
		{22BCB0D7-5725-12F0-A78E-51BFD5529448}.Debug|Any CPU.Build.0 = Debug|Any CPU
		{22BCB0D7-5725-12F0-A78E-51BFD5529448}.Release|Any CPU.ActiveCfg = Release|Any CPU
		{22BCB0D7-5725-12F0-A78E-51BFD5529448}.Release|Any CPU.Build.0 = Release|Any CPU
		{36FE82B0-5956-86AE-3D26-702D17B3B97D}.Debug|Any CPU.ActiveCfg = Debug|Any CPU
		{36FE82B0-5956-86AE-3D26-702D17B3B97D}.Debug|Any CPU.Build.0 = Debug|Any CPU
		{36FE82B0-5956-86AE-3D26-702D17B3B97D}.Release|Any CPU.ActiveCfg = Release|Any CPU
		{36FE82B0-5956-86AE-3D26-702D17B3B97D}.Release|Any CPU.Build.0 = Release|Any CPU
		{5963481B-D953-0E24-79A0-3FE682A84541}.Debug|Any CPU.ActiveCfg = Debug|Any CPU
		{5963481B-D953-0E24-79A0-3FE682A84541}.Debug|Any CPU.Build.0 = Debug|Any CPU
		{5963481B-D953-0E24-79A0-3FE682A84541}.Release|Any CPU.ActiveCfg = Release|Any CPU
		{5963481B-D953-0E24-79A0-3FE682A84541}.Release|Any CPU.Build.0 = Release|Any CPU
		{83B14F96-AB06-1B3D-AA3F-1EFBF938C077}.Debug|Any CPU.ActiveCfg = Debug|Any CPU
		{83B14F96-AB06-1B3D-AA3F-1EFBF938C077}.Debug|Any CPU.Build.0 = Debug|Any CPU
		{83B14F96-AB06-1B3D-AA3F-1EFBF938C077}.Release|Any CPU.ActiveCfg = Release|Any CPU
		{83B14F96-AB06-1B3D-AA3F-1EFBF938C077}.Release|Any CPU.Build.0 = Release|Any CPU
		{9E738E9B-29E8-5D9B-C59E-4942CFEF04A6}.Debug|Any CPU.ActiveCfg = Debug|Any CPU
		{9E738E9B-29E8-5D9B-C59E-4942CFEF04A6}.Debug|Any CPU.Build.0 = Debug|Any CPU
		{9E738E9B-29E8-5D9B-C59E-4942CFEF04A6}.Release|Any CPU.ActiveCfg = Release|Any CPU
		{9E738E9B-29E8-5D9B-C59E-4942CFEF04A6}.Release|Any CPU.Build.0 = Release|Any CPU
		{900F30A2-177D-8CD6-F7D6-A45E1B99797D}.Debug|Any CPU.ActiveCfg = Debug|Any CPU
		{900F30A2-177D-8CD6-F7D6-A45E1B99797D}.Debug|Any CPU.Build.0 = Debug|Any CPU
		{900F30A2-177D-8CD6-F7D6-A45E1B99797D}.Release|Any CPU.ActiveCfg = Release|Any CPU
		{900F30A2-177D-8CD6-F7D6-A45E1B99797D}.Release|Any CPU.Build.0 = Release|Any CPU
		{4F21B375-7310-EC99-A9EA-7E83C69BE110}.Debug|Any CPU.ActiveCfg = Debug|Any CPU
		{4F21B375-7310-EC99-A9EA-7E83C69BE110}.Debug|Any CPU.Build.0 = Debug|Any CPU
		{4F21B375-7310-EC99-A9EA-7E83C69BE110}.Release|Any CPU.ActiveCfg = Release|Any CPU
		{4F21B375-7310-EC99-A9EA-7E83C69BE110}.Release|Any CPU.Build.0 = Release|Any CPU
		{8065F382-62F0-DA25-21B5-9A011279CC00}.Debug|Any CPU.ActiveCfg = Debug|Any CPU
		{8065F382-62F0-DA25-21B5-9A011279CC00}.Debug|Any CPU.Build.0 = Debug|Any CPU
		{8065F382-62F0-DA25-21B5-9A011279CC00}.Release|Any CPU.ActiveCfg = Release|Any CPU
		{8065F382-62F0-DA25-21B5-9A011279CC00}.Release|Any CPU.Build.0 = Release|Any CPU
		{F5AA067E-F873-3411-F694-3E6CCAC67F71}.Debug|Any CPU.ActiveCfg = Debug|Any CPU
		{F5AA067E-F873-3411-F694-3E6CCAC67F71}.Debug|Any CPU.Build.0 = Debug|Any CPU
		{F5AA067E-F873-3411-F694-3E6CCAC67F71}.Release|Any CPU.ActiveCfg = Release|Any CPU
		{F5AA067E-F873-3411-F694-3E6CCAC67F71}.Release|Any CPU.Build.0 = Release|Any CPU
		{1E5EB6F7-9B2F-AD19-91FE-8BDEE9154921}.Debug|Any CPU.ActiveCfg = Debug|Any CPU
		{1E5EB6F7-9B2F-AD19-91FE-8BDEE9154921}.Debug|Any CPU.Build.0 = Debug|Any CPU
		{1E5EB6F7-9B2F-AD19-91FE-8BDEE9154921}.Release|Any CPU.ActiveCfg = Release|Any CPU
		{1E5EB6F7-9B2F-AD19-91FE-8BDEE9154921}.Release|Any CPU.Build.0 = Release|Any CPU
		{B1F2D9A7-2C96-F11A-83D7-42A1E0351681}.Debug|Any CPU.ActiveCfg = Debug|Any CPU
		{B1F2D9A7-2C96-F11A-83D7-42A1E0351681}.Debug|Any CPU.Build.0 = Debug|Any CPU
		{B1F2D9A7-2C96-F11A-83D7-42A1E0351681}.Release|Any CPU.ActiveCfg = Release|Any CPU
		{B1F2D9A7-2C96-F11A-83D7-42A1E0351681}.Release|Any CPU.Build.0 = Release|Any CPU
		{8642A165-78AA-6F99-4DB0-413ABA2E9FC6}.Debug|Any CPU.ActiveCfg = Debug|Any CPU
		{8642A165-78AA-6F99-4DB0-413ABA2E9FC6}.Debug|Any CPU.Build.0 = Debug|Any CPU
		{8642A165-78AA-6F99-4DB0-413ABA2E9FC6}.Release|Any CPU.ActiveCfg = Release|Any CPU
		{8642A165-78AA-6F99-4DB0-413ABA2E9FC6}.Release|Any CPU.Build.0 = Release|Any CPU
		{F1888192-476F-4BF5-A066-834D2EDB5EBA}.Debug|Any CPU.ActiveCfg = Debug|Any CPU
		{F1888192-476F-4BF5-A066-834D2EDB5EBA}.Debug|Any CPU.Build.0 = Debug|Any CPU
		{F1888192-476F-4BF5-A066-834D2EDB5EBA}.Release|Any CPU.ActiveCfg = Release|Any CPU
		{F1888192-476F-4BF5-A066-834D2EDB5EBA}.Release|Any CPU.Build.0 = Release|Any CPU
		{9906E771-42D0-ABB8-6766-400C6C5402F5}.Debug|Any CPU.ActiveCfg = Debug|Any CPU
		{9906E771-42D0-ABB8-6766-400C6C5402F5}.Debug|Any CPU.Build.0 = Debug|Any CPU
		{9906E771-42D0-ABB8-6766-400C6C5402F5}.Release|Any CPU.ActiveCfg = Release|Any CPU
		{9906E771-42D0-ABB8-6766-400C6C5402F5}.Release|Any CPU.Build.0 = Release|Any CPU
		{B669CCBA-2E9A-5BE0-3F13-EE7290348DA6}.Debug|Any CPU.ActiveCfg = Debug|Any CPU
		{B669CCBA-2E9A-5BE0-3F13-EE7290348DA6}.Debug|Any CPU.Build.0 = Debug|Any CPU
		{B669CCBA-2E9A-5BE0-3F13-EE7290348DA6}.Release|Any CPU.ActiveCfg = Release|Any CPU
		{B669CCBA-2E9A-5BE0-3F13-EE7290348DA6}.Release|Any CPU.Build.0 = Release|Any CPU
		{B6F6DB81-5545-2272-6035-498ECF514954}.Debug|Any CPU.ActiveCfg = Debug|Any CPU
		{B6F6DB81-5545-2272-6035-498ECF514954}.Debug|Any CPU.Build.0 = Debug|Any CPU
		{B6F6DB81-5545-2272-6035-498ECF514954}.Release|Any CPU.ActiveCfg = Release|Any CPU
		{B6F6DB81-5545-2272-6035-498ECF514954}.Release|Any CPU.Build.0 = Release|Any CPU
		{00A022C8-A241-E158-E41C-2F3EC8E7E572}.Debug|Any CPU.ActiveCfg = Debug|Any CPU
		{00A022C8-A241-E158-E41C-2F3EC8E7E572}.Debug|Any CPU.Build.0 = Debug|Any CPU
		{00A022C8-A241-E158-E41C-2F3EC8E7E572}.Release|Any CPU.ActiveCfg = Release|Any CPU
		{00A022C8-A241-E158-E41C-2F3EC8E7E572}.Release|Any CPU.Build.0 = Release|Any CPU
		{1C4118BF-3F40-85B3-31C3-C23F4A025E9C}.Debug|Any CPU.ActiveCfg = Debug|Any CPU
		{1C4118BF-3F40-85B3-31C3-C23F4A025E9C}.Debug|Any CPU.Build.0 = Debug|Any CPU
		{1C4118BF-3F40-85B3-31C3-C23F4A025E9C}.Release|Any CPU.ActiveCfg = Release|Any CPU
		{1C4118BF-3F40-85B3-31C3-C23F4A025E9C}.Release|Any CPU.Build.0 = Release|Any CPU
		{2061395D-AC14-C4D3-1B22-D1073E1C17C1}.Debug|Any CPU.ActiveCfg = Debug|Any CPU
		{2061395D-AC14-C4D3-1B22-D1073E1C17C1}.Debug|Any CPU.Build.0 = Debug|Any CPU
		{2061395D-AC14-C4D3-1B22-D1073E1C17C1}.Release|Any CPU.ActiveCfg = Release|Any CPU
		{2061395D-AC14-C4D3-1B22-D1073E1C17C1}.Release|Any CPU.Build.0 = Release|Any CPU
		{C132C7AF-8A62-6DF0-6C9E-9453411FE9C2}.Debug|Any CPU.ActiveCfg = Debug|Any CPU
		{C132C7AF-8A62-6DF0-6C9E-9453411FE9C2}.Debug|Any CPU.Build.0 = Debug|Any CPU
		{C132C7AF-8A62-6DF0-6C9E-9453411FE9C2}.Release|Any CPU.ActiveCfg = Release|Any CPU
		{C132C7AF-8A62-6DF0-6C9E-9453411FE9C2}.Release|Any CPU.Build.0 = Release|Any CPU
		{DB6C6C30-273D-C75D-1C20-45CC34465899}.Debug|Any CPU.ActiveCfg = Debug|Any CPU
		{DB6C6C30-273D-C75D-1C20-45CC34465899}.Debug|Any CPU.Build.0 = Debug|Any CPU
		{DB6C6C30-273D-C75D-1C20-45CC34465899}.Release|Any CPU.ActiveCfg = Release|Any CPU
		{DB6C6C30-273D-C75D-1C20-45CC34465899}.Release|Any CPU.Build.0 = Release|Any CPU
		{32204388-C6F3-9F9C-6A77-2A372E662D9A}.Debug|Any CPU.ActiveCfg = Debug|Any CPU
		{32204388-C6F3-9F9C-6A77-2A372E662D9A}.Debug|Any CPU.Build.0 = Debug|Any CPU
		{32204388-C6F3-9F9C-6A77-2A372E662D9A}.Release|Any CPU.ActiveCfg = Release|Any CPU
		{32204388-C6F3-9F9C-6A77-2A372E662D9A}.Release|Any CPU.Build.0 = Release|Any CPU
		{8E9A79DC-D873-09BD-AFB8-6DC31A69176B}.Debug|Any CPU.ActiveCfg = Debug|Any CPU
		{8E9A79DC-D873-09BD-AFB8-6DC31A69176B}.Debug|Any CPU.Build.0 = Debug|Any CPU
		{8E9A79DC-D873-09BD-AFB8-6DC31A69176B}.Release|Any CPU.ActiveCfg = Release|Any CPU
		{8E9A79DC-D873-09BD-AFB8-6DC31A69176B}.Release|Any CPU.Build.0 = Release|Any CPU
		{7272718F-C8CD-965E-C5BF-EB358A01A87E}.Debug|Any CPU.ActiveCfg = Debug|Any CPU
		{7272718F-C8CD-965E-C5BF-EB358A01A87E}.Debug|Any CPU.Build.0 = Debug|Any CPU
		{7272718F-C8CD-965E-C5BF-EB358A01A87E}.Release|Any CPU.ActiveCfg = Release|Any CPU
		{7272718F-C8CD-965E-C5BF-EB358A01A87E}.Release|Any CPU.Build.0 = Release|Any CPU
		{43DC0417-9D79-7D82-3FE1-0B56FB0EF793}.Debug|Any CPU.ActiveCfg = Debug|Any CPU
		{43DC0417-9D79-7D82-3FE1-0B56FB0EF793}.Debug|Any CPU.Build.0 = Debug|Any CPU
		{43DC0417-9D79-7D82-3FE1-0B56FB0EF793}.Release|Any CPU.ActiveCfg = Release|Any CPU
		{43DC0417-9D79-7D82-3FE1-0B56FB0EF793}.Release|Any CPU.Build.0 = Release|Any CPU
		{6BFE1E2A-7562-9166-61DF-0492D18D0D8F}.Debug|Any CPU.ActiveCfg = Debug|Any CPU
		{6BFE1E2A-7562-9166-61DF-0492D18D0D8F}.Debug|Any CPU.Build.0 = Debug|Any CPU
		{6BFE1E2A-7562-9166-61DF-0492D18D0D8F}.Release|Any CPU.ActiveCfg = Release|Any CPU
		{6BFE1E2A-7562-9166-61DF-0492D18D0D8F}.Release|Any CPU.Build.0 = Release|Any CPU
		{AAB19BFB-A051-930F-5B19-047429FED6EB}.Debug|Any CPU.ActiveCfg = Debug|Any CPU
		{AAB19BFB-A051-930F-5B19-047429FED6EB}.Debug|Any CPU.Build.0 = Debug|Any CPU
		{AAB19BFB-A051-930F-5B19-047429FED6EB}.Release|Any CPU.ActiveCfg = Release|Any CPU
		{AAB19BFB-A051-930F-5B19-047429FED6EB}.Release|Any CPU.Build.0 = Release|Any CPU
		{0FF4B672-3FE1-DAA7-AAD8-76BE26BE201B}.Debug|Any CPU.ActiveCfg = Debug|Any CPU
		{0FF4B672-3FE1-DAA7-AAD8-76BE26BE201B}.Debug|Any CPU.Build.0 = Debug|Any CPU
		{0FF4B672-3FE1-DAA7-AAD8-76BE26BE201B}.Release|Any CPU.ActiveCfg = Release|Any CPU
		{0FF4B672-3FE1-DAA7-AAD8-76BE26BE201B}.Release|Any CPU.Build.0 = Release|Any CPU
		{3908B075-C38E-391D-55B7-D238D29D4327}.Debug|Any CPU.ActiveCfg = Debug|Any CPU
		{3908B075-C38E-391D-55B7-D238D29D4327}.Debug|Any CPU.Build.0 = Debug|Any CPU
		{3908B075-C38E-391D-55B7-D238D29D4327}.Release|Any CPU.ActiveCfg = Release|Any CPU
		{3908B075-C38E-391D-55B7-D238D29D4327}.Release|Any CPU.Build.0 = Release|Any CPU
		{2C9E0348-45C7-C776-31D2-8F2027D145CF}.Debug|Any CPU.ActiveCfg = Debug|Any CPU
		{2C9E0348-45C7-C776-31D2-8F2027D145CF}.Debug|Any CPU.Build.0 = Debug|Any CPU
		{2C9E0348-45C7-C776-31D2-8F2027D145CF}.Release|Any CPU.ActiveCfg = Release|Any CPU
		{2C9E0348-45C7-C776-31D2-8F2027D145CF}.Release|Any CPU.Build.0 = Release|Any CPU
		{CD03FB9C-16C1-7F93-3518-7807C80EA872}.Debug|Any CPU.ActiveCfg = Debug|Any CPU
		{CD03FB9C-16C1-7F93-3518-7807C80EA872}.Debug|Any CPU.Build.0 = Debug|Any CPU
		{CD03FB9C-16C1-7F93-3518-7807C80EA872}.Release|Any CPU.ActiveCfg = Release|Any CPU
		{CD03FB9C-16C1-7F93-3518-7807C80EA872}.Release|Any CPU.Build.0 = Release|Any CPU
		{C7DE2108-747D-10B9-BE91-D129DF30493E}.Debug|Any CPU.ActiveCfg = Debug|Any CPU
		{C7DE2108-747D-10B9-BE91-D129DF30493E}.Debug|Any CPU.Build.0 = Debug|Any CPU
		{C7DE2108-747D-10B9-BE91-D129DF30493E}.Release|Any CPU.ActiveCfg = Release|Any CPU
		{C7DE2108-747D-10B9-BE91-D129DF30493E}.Release|Any CPU.Build.0 = Release|Any CPU
		{55923D9A-D846-C82B-9A4F-8E40AAF3FF9A}.Debug|Any CPU.ActiveCfg = Debug|Any CPU
		{55923D9A-D846-C82B-9A4F-8E40AAF3FF9A}.Debug|Any CPU.Build.0 = Debug|Any CPU
		{55923D9A-D846-C82B-9A4F-8E40AAF3FF9A}.Release|Any CPU.ActiveCfg = Release|Any CPU
		{55923D9A-D846-C82B-9A4F-8E40AAF3FF9A}.Release|Any CPU.Build.0 = Release|Any CPU
		{8D88A742-E4D0-6A97-3C25-2EF38308AE6E}.Debug|Any CPU.ActiveCfg = Debug|Any CPU
		{8D88A742-E4D0-6A97-3C25-2EF38308AE6E}.Debug|Any CPU.Build.0 = Debug|Any CPU
		{8D88A742-E4D0-6A97-3C25-2EF38308AE6E}.Release|Any CPU.ActiveCfg = Release|Any CPU
		{8D88A742-E4D0-6A97-3C25-2EF38308AE6E}.Release|Any CPU.Build.0 = Release|Any CPU
		{819EA90D-4605-3E07-AC4E-D4D0784805F2}.Debug|Any CPU.ActiveCfg = Debug|Any CPU
		{819EA90D-4605-3E07-AC4E-D4D0784805F2}.Debug|Any CPU.Build.0 = Debug|Any CPU
		{819EA90D-4605-3E07-AC4E-D4D0784805F2}.Release|Any CPU.ActiveCfg = Release|Any CPU
		{819EA90D-4605-3E07-AC4E-D4D0784805F2}.Release|Any CPU.Build.0 = Release|Any CPU
		{E90350DE-DC53-B395-EA53-C507BCEA03D6}.Debug|Any CPU.ActiveCfg = Debug|Any CPU
		{E90350DE-DC53-B395-EA53-C507BCEA03D6}.Debug|Any CPU.Build.0 = Debug|Any CPU
		{E90350DE-DC53-B395-EA53-C507BCEA03D6}.Release|Any CPU.ActiveCfg = Release|Any CPU
		{E90350DE-DC53-B395-EA53-C507BCEA03D6}.Release|Any CPU.Build.0 = Release|Any CPU
		{A2AB8E9E-3942-081C-AA23-659D09051146}.Debug|Any CPU.ActiveCfg = Debug|Any CPU
		{A2AB8E9E-3942-081C-AA23-659D09051146}.Debug|Any CPU.Build.0 = Debug|Any CPU
		{A2AB8E9E-3942-081C-AA23-659D09051146}.Release|Any CPU.ActiveCfg = Release|Any CPU
		{A2AB8E9E-3942-081C-AA23-659D09051146}.Release|Any CPU.Build.0 = Release|Any CPU
		{FF7CBEE6-059B-3F15-0FDD-AF347490C225}.Debug|Any CPU.ActiveCfg = Debug|Any CPU
		{FF7CBEE6-059B-3F15-0FDD-AF347490C225}.Debug|Any CPU.Build.0 = Debug|Any CPU
		{FF7CBEE6-059B-3F15-0FDD-AF347490C225}.Release|Any CPU.ActiveCfg = Release|Any CPU
		{FF7CBEE6-059B-3F15-0FDD-AF347490C225}.Release|Any CPU.Build.0 = Release|Any CPU
		{E7F112CC-EB67-7AFA-2822-46B45E4D46B1}.Debug|Any CPU.ActiveCfg = Debug|Any CPU
		{E7F112CC-EB67-7AFA-2822-46B45E4D46B1}.Debug|Any CPU.Build.0 = Debug|Any CPU
		{E7F112CC-EB67-7AFA-2822-46B45E4D46B1}.Release|Any CPU.ActiveCfg = Release|Any CPU
		{E7F112CC-EB67-7AFA-2822-46B45E4D46B1}.Release|Any CPU.Build.0 = Release|Any CPU
		{C24F051E-7DA6-C1FD-54A5-50A40FB11EC2}.Debug|Any CPU.ActiveCfg = Debug|Any CPU
		{C24F051E-7DA6-C1FD-54A5-50A40FB11EC2}.Debug|Any CPU.Build.0 = Debug|Any CPU
		{C24F051E-7DA6-C1FD-54A5-50A40FB11EC2}.Release|Any CPU.ActiveCfg = Release|Any CPU
		{C24F051E-7DA6-C1FD-54A5-50A40FB11EC2}.Release|Any CPU.Build.0 = Release|Any CPU
		{BA72CDE1-AEFD-252A-F9F9-0181AED4DE4D}.Debug|Any CPU.ActiveCfg = Debug|Any CPU
		{BA72CDE1-AEFD-252A-F9F9-0181AED4DE4D}.Debug|Any CPU.Build.0 = Debug|Any CPU
		{BA72CDE1-AEFD-252A-F9F9-0181AED4DE4D}.Release|Any CPU.ActiveCfg = Release|Any CPU
		{BA72CDE1-AEFD-252A-F9F9-0181AED4DE4D}.Release|Any CPU.Build.0 = Release|Any CPU
		{006AE666-8F7D-1FAC-2208-0B99340D7DAF}.Debug|Any CPU.ActiveCfg = Debug|Any CPU
		{006AE666-8F7D-1FAC-2208-0B99340D7DAF}.Debug|Any CPU.Build.0 = Debug|Any CPU
		{006AE666-8F7D-1FAC-2208-0B99340D7DAF}.Release|Any CPU.ActiveCfg = Release|Any CPU
		{006AE666-8F7D-1FAC-2208-0B99340D7DAF}.Release|Any CPU.Build.0 = Release|Any CPU
		{D363A58A-CB63-A452-D8CA-F45322753C99}.Debug|Any CPU.ActiveCfg = Debug|Any CPU
		{D363A58A-CB63-A452-D8CA-F45322753C99}.Debug|Any CPU.Build.0 = Debug|Any CPU
		{D363A58A-CB63-A452-D8CA-F45322753C99}.Release|Any CPU.ActiveCfg = Release|Any CPU
		{D363A58A-CB63-A452-D8CA-F45322753C99}.Release|Any CPU.Build.0 = Release|Any CPU
		{2C37D196-A4C7-77F2-564C-A024742D9DC5}.Debug|Any CPU.ActiveCfg = Debug|Any CPU
		{2C37D196-A4C7-77F2-564C-A024742D9DC5}.Debug|Any CPU.Build.0 = Debug|Any CPU
		{2C37D196-A4C7-77F2-564C-A024742D9DC5}.Release|Any CPU.ActiveCfg = Release|Any CPU
		{2C37D196-A4C7-77F2-564C-A024742D9DC5}.Release|Any CPU.Build.0 = Release|Any CPU
		{ECD2D49E-DA4E-3A9D-DBE5-3D39C6EF180C}.Debug|Any CPU.ActiveCfg = Debug|Any CPU
		{ECD2D49E-DA4E-3A9D-DBE5-3D39C6EF180C}.Debug|Any CPU.Build.0 = Debug|Any CPU
		{ECD2D49E-DA4E-3A9D-DBE5-3D39C6EF180C}.Release|Any CPU.ActiveCfg = Release|Any CPU
		{ECD2D49E-DA4E-3A9D-DBE5-3D39C6EF180C}.Release|Any CPU.Build.0 = Release|Any CPU
	EndGlobalSection
	GlobalSection(SolutionProperties) = preSolution
		HideSolutionNode = FALSE
	EndGlobalSection
EndGlobal
