
Microsoft Visual Studio Solution File, Format Version 12.00
# Visual Studio 15
Project("{FAE04EC0-301F-11D3-BF4B-00C04F79EFBC}") = "UnityEngine.TestRunner", "UnityEngine.TestRunner.csproj", "{FC52875B-2485-63B5-DBB9-638B81647A09}"
EndProject
Project("{FAE04EC0-301F-11D3-BF4B-00C04F79EFBC}") = "Unity.2D.Animation.Triangle.Runtime", "Unity.2D.Animation.Triangle.Runtime.csproj", "{46CE3B53-9B39-F20F-7DA8-A126B3D960AB}"
EndProject
Project("{FAE04EC0-301F-11D3-BF4B-00C04F79EFBC}") = "UnityEngine.UI", "UnityEngine.UI.csproj", "{C8AB701A-87E0-B9FD-7138-8D68491ED90A}"
EndProject
Project("{FAE04EC0-301F-11D3-BF4B-00C04F79EFBC}") = "Unity.TextMeshPro", "Unity.TextMeshPro.csproj", "{D8D063DC-B7FD-5090-2B4A-0083687C2685}"
EndProject
Project("{FAE04EC0-301F-11D3-BF4B-00C04F79EFBC}") = "Unity.2D.Animation.Runtime", "Unity.2D.Animation.Runtime.csproj", "{D0FD858E-8975-1EA8-77F9-83022B7ED3C4}"
EndProject
Project("{FAE04EC0-301F-11D3-BF4B-00C04F79EFBC}") = "Unity.Timeline", "Unity.Timeline.csproj", "{B069A818-0701-1C72-E381-F2AF547D7D70}"
EndProject
Project("{FAE04EC0-301F-11D3-BF4B-00C04F79EFBC}") = "Unity.Mathematics", "Unity.Mathematics.csproj", "{F3A96C56-03A0-4D4A-4F60-A193F3B35BDE}"
EndProject
Project("{FAE04EC0-301F-11D3-BF4B-00C04F79EFBC}") = "Unity.2D.SpriteShape.Runtime", "Unity.2D.SpriteShape.Runtime.csproj", "{06B4ED57-1B07-B047-E134-A225234A54BB}"
EndProject
Project("{FAE04EC0-301F-11D3-BF4B-00C04F79EFBC}") = "Assembly-CSharp", "Assembly-CSharp.csproj", "{D0E30355-602C-61D1-CB66-1B22A42C74F3}"
EndProject
Project("{FAE04EC0-301F-11D3-BF4B-00C04F79EFBC}") = "Unity.2D.PixelPerfect", "Unity.2D.PixelPerfect.csproj", "{7E9D0BCD-9B6C-8212-3C76-89831BBC62F3}"
EndProject
Project("{FAE04EC0-301F-11D3-BF4B-00C04F79EFBC}") = "Unity.InternalAPIEngineBridge.001", "Unity.InternalAPIEngineBridge.001.csproj", "{C688D01F-E551-FE74-70BC-CECC26BDEF3C}"
EndProject
Project("{FAE04EC0-301F-11D3-BF4B-00C04F79EFBC}") = "Unity.2D.Common.Runtime", "Unity.2D.Common.Runtime.csproj", "{EA5C197A-60A8-EF1B-D0BE-F15527C8F772}"
EndProject
Project("{FAE04EC0-301F-11D3-BF4B-00C04F79EFBC}") = "Unity.TextMeshPro.Editor", "Unity.TextMeshPro.Editor.csproj", "{421FA2F1-A6A2-25B6-CF08-CB9ADBF1893D}"
EndProject
Project("{FAE04EC0-301F-11D3-BF4B-00C04F79EFBC}") = "Unity.Timeline.Editor", "Unity.Timeline.Editor.csproj", "{44A33B92-C673-DCE7-F053-B369E2B46C2E}"
EndProject
Project("{FAE04EC0-301F-11D3-BF4B-00C04F79EFBC}") = "Unity.CollabProxy.Editor", "Unity.CollabProxy.Editor.csproj", "{1E02E060-DABB-AA29-5E21-DC4F6E721642}"
EndProject
Project("{FAE04EC0-301F-11D3-BF4B-00C04F79EFBC}") = "UnityEditor.TestRunner", "UnityEditor.TestRunner.csproj", "{5059970C-294F-2F73-112F-82DDFF83CB57}"
EndProject
Project("{FAE04EC0-301F-11D3-BF4B-00C04F79EFBC}") = "Unity.2D.Animation.Editor", "Unity.2D.Animation.Editor.csproj", "{ADE7BB64-3A95-157F-9EB2-A1EBAC568976}"
EndProject
Project("{FAE04EC0-301F-11D3-BF4B-00C04F79EFBC}") = "Unity.2D.Path.Editor", "Unity.2D.Path.Editor.csproj", "{1C21A8D6-D7C9-7B7D-26E5-011C542E81A4}"
EndProject
Project("{FAE04EC0-301F-11D3-BF4B-00C04F79EFBC}") = "Unity.2D.Sprite.Editor", "Unity.2D.Sprite.Editor.csproj", "{7685A9A4-D08A-ED05-A2AD-DFC7634539FB}"
EndProject
Project("{FAE04EC0-301F-11D3-BF4B-00C04F79EFBC}") = "UnityEditor.UI", "UnityEditor.UI.csproj", "{A7DB5B8D-F888-BC4A-DA17-4CF1156BB110}"
EndProject
Project("{FAE04EC0-301F-11D3-BF4B-00C04F79EFBC}") = "Unity.Rider.Editor", "Unity.Rider.Editor.csproj", "{E8546262-0355-19DC-D910-AC3624BB0B42}"
EndProject
Project("{FAE04EC0-301F-11D3-BF4B-00C04F79EFBC}") = "Unity.2D.Tilemap.Editor", "Unity.2D.Tilemap.Editor.csproj", "{459A292C-C268-AF7E-E08D-914EEFB877B8}"
EndProject
Project("{FAE04EC0-301F-11D3-BF4B-00C04F79EFBC}") = "Unity.VisualStudio.Editor", "Unity.VisualStudio.Editor.csproj", "{FD53D682-1D18-4E75-B569-C38B482D07B2}"
EndProject
Project("{FAE04EC0-301F-11D3-BF4B-00C04F79EFBC}") = "Unity.2D.SpriteShape.Editor", "Unity.2D.SpriteShape.Editor.csproj", "{BE841399-1511-874A-9877-7DEAA3FB8FBE}"
EndProject
Project("{FAE04EC0-301F-11D3-BF4B-00C04F79EFBC}") = "PsdPlugin", "PsdPlugin.csproj", "{77E44609-AE1A-35AD-8FC1-6B74EDBEC61F}"
EndProject
Project("{FAE04EC0-301F-11D3-BF4B-00C04F79EFBC}") = "Unity.2D.Common.Editor", "Unity.2D.Common.Editor.csproj", "{96843497-F0A8-05FC-A430-723604DCFFD6}"
EndProject
Project("{FAE04EC0-301F-11D3-BF4B-00C04F79EFBC}") = "Unity.VSCode.Editor", "Unity.VSCode.Editor.csproj", "{E6173D50-8F31-A846-EC17-E7C77FE44AC2}"
EndProject
Project("{FAE04EC0-301F-11D3-BF4B-00C04F79EFBC}") = "Unity.2D.Psdimporter.Editor", "Unity.2D.Psdimporter.Editor.csproj", "{7C9DA36E-CB58-5741-9404-894D150D9706}"
EndProject
Project("{FAE04EC0-301F-11D3-BF4B-00C04F79EFBC}") = "Unity.2D.PixelPerfect.Editor", "Unity.2D.PixelPerfect.Editor.csproj", "{73705A93-4CEE-8CD9-C83E-7925EEC7F89E}"
EndProject
Project("{FAE04EC0-301F-11D3-BF4B-00C04F79EFBC}") = "Unity.Mathematics.Editor", "Unity.Mathematics.Editor.csproj", "{AC1439F5-6F25-B8FE-013B-715D486281D3}"
EndProject
Project("{FAE04EC0-301F-11D3-BF4B-00C04F79EFBC}") = "Unity.InternalAPIEditorBridge.001", "Unity.InternalAPIEditorBridge.001.csproj", "{3BB9EAAF-BA6C-7E3D-7BA4-B0ACB66296D6}"
EndProject
Project("{FAE04EC0-301F-11D3-BF4B-00C04F79EFBC}") = "UnityEngine.TestRunner", "UnityEngine.TestRunner.Player.csproj", "{F1A6F906-BB82-D6CC-FB8C-811E29B71F4F}"
EndProject
Project("{FAE04EC0-301F-11D3-BF4B-00C04F79EFBC}") = "Unity.2D.Animation.Triangle.Runtime", "Unity.2D.Animation.Triangle.Runtime.Player.csproj", "{A1527DBF-35BB-D603-F3C1-9723361FB68E}"
EndProject
Project("{FAE04EC0-301F-11D3-BF4B-00C04F79EFBC}") = "UnityEngine.UI", "UnityEngine.UI.Player.csproj", "{879BBC39-B29C-936A-EDB4-952D89F5E346}"
EndProject
Project("{FAE04EC0-301F-11D3-BF4B-00C04F79EFBC}") = "Unity.TextMeshPro", "Unity.TextMeshPro.Player.csproj", "{69451015-51AC-E029-C40E-94FC054D8CD1}"
EndProject
Project("{FAE04EC0-301F-11D3-BF4B-00C04F79EFBC}") = "Unity.2D.Animation.Runtime", "Unity.2D.Animation.Runtime.Player.csproj", "{E24E5F8B-8E49-40AF-1948-5775D39D01A3}"
EndProject
Project("{FAE04EC0-301F-11D3-BF4B-00C04F79EFBC}") = "Unity.Timeline", "Unity.Timeline.Player.csproj", "{8A7435F1-E587-3FE3-DE28-C72433B09DF2}"
EndProject
Project("{FAE04EC0-301F-11D3-BF4B-00C04F79EFBC}") = "Unity.Mathematics", "Unity.Mathematics.Player.csproj", "{0DF5F660-A895-A55E-31D3-54793DE80F20}"
EndProject
Project("{FAE04EC0-301F-11D3-BF4B-00C04F79EFBC}") = "Unity.2D.SpriteShape.Runtime", "Unity.2D.SpriteShape.Runtime.Player.csproj", "{21A07FF9-3F43-5C28-2AB6-0B7D68158C50}"
EndProject
Project("{FAE04EC0-301F-11D3-BF4B-00C04F79EFBC}") = "Assembly-CSharp", "Assembly-CSharp.Player.csproj", "{04F29C96-9F33-0878-870F-336CDA4C2B8C}"
EndProject
Project("{FAE04EC0-301F-11D3-BF4B-00C04F79EFBC}") = "Unity.2D.PixelPerfect", "Unity.2D.PixelPerfect.Player.csproj", "{BAF1224C-759B-8479-42C8-3CF422CAF64D}"
EndProject
Project("{FAE04EC0-301F-11D3-BF4B-00C04F79EFBC}") = "Unity.InternalAPIEngineBridge.001", "Unity.InternalAPIEngineBridge.001.Player.csproj", "{4CB5B2FF-B65B-9FCE-F410-C1E6CBD96777}"
EndProject
Project("{FAE04EC0-301F-11D3-BF4B-00C04F79EFBC}") = "Unity.2D.Common.Runtime", "Unity.2D.Common.Runtime.Player.csproj", "{87B267BC-B4FF-A555-502B-2B66849D730F}"
EndProject
Global
	GlobalSection(SolutionConfigurationPlatforms) = preSolution
		Debug|Any CPU = Debug|Any CPU
		Release|Any CPU = Release|Any CPU
	EndGlobalSection
	GlobalSection(ProjectConfigurationPlatforms) = postSolution
		{FC52875B-2485-63B5-DBB9-638B81647A09}.Debug|Any CPU.ActiveCfg = Debug|Any CPU
		{FC52875B-2485-63B5-DBB9-638B81647A09}.Debug|Any CPU.Build.0 = Debug|Any CPU
		{FC52875B-2485-63B5-DBB9-638B81647A09}.Release|Any CPU.ActiveCfg = Release|Any CPU
		{FC52875B-2485-63B5-DBB9-638B81647A09}.Release|Any CPU.Build.0 = Release|Any CPU
		{46CE3B53-9B39-F20F-7DA8-A126B3D960AB}.Debug|Any CPU.ActiveCfg = Debug|Any CPU
		{46CE3B53-9B39-F20F-7DA8-A126B3D960AB}.Debug|Any CPU.Build.0 = Debug|Any CPU
		{46CE3B53-9B39-F20F-7DA8-A126B3D960AB}.Release|Any CPU.ActiveCfg = Release|Any CPU
		{46CE3B53-9B39-F20F-7DA8-A126B3D960AB}.Release|Any CPU.Build.0 = Release|Any CPU
		{C8AB701A-87E0-B9FD-7138-8D68491ED90A}.Debug|Any CPU.ActiveCfg = Debug|Any CPU
		{C8AB701A-87E0-B9FD-7138-8D68491ED90A}.Debug|Any CPU.Build.0 = Debug|Any CPU
		{C8AB701A-87E0-B9FD-7138-8D68491ED90A}.Release|Any CPU.ActiveCfg = Release|Any CPU
		{C8AB701A-87E0-B9FD-7138-8D68491ED90A}.Release|Any CPU.Build.0 = Release|Any CPU
		{D8D063DC-B7FD-5090-2B4A-0083687C2685}.Debug|Any CPU.ActiveCfg = Debug|Any CPU
		{D8D063DC-B7FD-5090-2B4A-0083687C2685}.Debug|Any CPU.Build.0 = Debug|Any CPU
		{D8D063DC-B7FD-5090-2B4A-0083687C2685}.Release|Any CPU.ActiveCfg = Release|Any CPU
		{D8D063DC-B7FD-5090-2B4A-0083687C2685}.Release|Any CPU.Build.0 = Release|Any CPU
		{D0FD858E-8975-1EA8-77F9-83022B7ED3C4}.Debug|Any CPU.ActiveCfg = Debug|Any CPU
		{D0FD858E-8975-1EA8-77F9-83022B7ED3C4}.Debug|Any CPU.Build.0 = Debug|Any CPU
		{D0FD858E-8975-1EA8-77F9-83022B7ED3C4}.Release|Any CPU.ActiveCfg = Release|Any CPU
		{D0FD858E-8975-1EA8-77F9-83022B7ED3C4}.Release|Any CPU.Build.0 = Release|Any CPU
		{B069A818-0701-1C72-E381-F2AF547D7D70}.Debug|Any CPU.ActiveCfg = Debug|Any CPU
		{B069A818-0701-1C72-E381-F2AF547D7D70}.Debug|Any CPU.Build.0 = Debug|Any CPU
		{B069A818-0701-1C72-E381-F2AF547D7D70}.Release|Any CPU.ActiveCfg = Release|Any CPU
		{B069A818-0701-1C72-E381-F2AF547D7D70}.Release|Any CPU.Build.0 = Release|Any CPU
		{F3A96C56-03A0-4D4A-4F60-A193F3B35BDE}.Debug|Any CPU.ActiveCfg = Debug|Any CPU
		{F3A96C56-03A0-4D4A-4F60-A193F3B35BDE}.Debug|Any CPU.Build.0 = Debug|Any CPU
		{F3A96C56-03A0-4D4A-4F60-A193F3B35BDE}.Release|Any CPU.ActiveCfg = Release|Any CPU
		{F3A96C56-03A0-4D4A-4F60-A193F3B35BDE}.Release|Any CPU.Build.0 = Release|Any CPU
		{06B4ED57-1B07-B047-E134-A225234A54BB}.Debug|Any CPU.ActiveCfg = Debug|Any CPU
		{06B4ED57-1B07-B047-E134-A225234A54BB}.Debug|Any CPU.Build.0 = Debug|Any CPU
		{06B4ED57-1B07-B047-E134-A225234A54BB}.Release|Any CPU.ActiveCfg = Release|Any CPU
		{06B4ED57-1B07-B047-E134-A225234A54BB}.Release|Any CPU.Build.0 = Release|Any CPU
		{D0E30355-602C-61D1-CB66-1B22A42C74F3}.Debug|Any CPU.ActiveCfg = Debug|Any CPU
		{D0E30355-602C-61D1-CB66-1B22A42C74F3}.Debug|Any CPU.Build.0 = Debug|Any CPU
		{D0E30355-602C-61D1-CB66-1B22A42C74F3}.Release|Any CPU.ActiveCfg = Release|Any CPU
		{D0E30355-602C-61D1-CB66-1B22A42C74F3}.Release|Any CPU.Build.0 = Release|Any CPU
		{7E9D0BCD-9B6C-8212-3C76-89831BBC62F3}.Debug|Any CPU.ActiveCfg = Debug|Any CPU
		{7E9D0BCD-9B6C-8212-3C76-89831BBC62F3}.Debug|Any CPU.Build.0 = Debug|Any CPU
		{7E9D0BCD-9B6C-8212-3C76-89831BBC62F3}.Release|Any CPU.ActiveCfg = Release|Any CPU
		{7E9D0BCD-9B6C-8212-3C76-89831BBC62F3}.Release|Any CPU.Build.0 = Release|Any CPU
		{C688D01F-E551-FE74-70BC-CECC26BDEF3C}.Debug|Any CPU.ActiveCfg = Debug|Any CPU
		{C688D01F-E551-FE74-70BC-CECC26BDEF3C}.Debug|Any CPU.Build.0 = Debug|Any CPU
		{C688D01F-E551-FE74-70BC-CECC26BDEF3C}.Release|Any CPU.ActiveCfg = Release|Any CPU
		{C688D01F-E551-FE74-70BC-CECC26BDEF3C}.Release|Any CPU.Build.0 = Release|Any CPU
		{EA5C197A-60A8-EF1B-D0BE-F15527C8F772}.Debug|Any CPU.ActiveCfg = Debug|Any CPU
		{EA5C197A-60A8-EF1B-D0BE-F15527C8F772}.Debug|Any CPU.Build.0 = Debug|Any CPU
		{EA5C197A-60A8-EF1B-D0BE-F15527C8F772}.Release|Any CPU.ActiveCfg = Release|Any CPU
		{EA5C197A-60A8-EF1B-D0BE-F15527C8F772}.Release|Any CPU.Build.0 = Release|Any CPU
		{421FA2F1-A6A2-25B6-CF08-CB9ADBF1893D}.Debug|Any CPU.ActiveCfg = Debug|Any CPU
		{421FA2F1-A6A2-25B6-CF08-CB9ADBF1893D}.Debug|Any CPU.Build.0 = Debug|Any CPU
		{421FA2F1-A6A2-25B6-CF08-CB9ADBF1893D}.Release|Any CPU.ActiveCfg = Release|Any CPU
		{421FA2F1-A6A2-25B6-CF08-CB9ADBF1893D}.Release|Any CPU.Build.0 = Release|Any CPU
		{44A33B92-C673-DCE7-F053-B369E2B46C2E}.Debug|Any CPU.ActiveCfg = Debug|Any CPU
		{44A33B92-C673-DCE7-F053-B369E2B46C2E}.Debug|Any CPU.Build.0 = Debug|Any CPU
		{44A33B92-C673-DCE7-F053-B369E2B46C2E}.Release|Any CPU.ActiveCfg = Release|Any CPU
		{44A33B92-C673-DCE7-F053-B369E2B46C2E}.Release|Any CPU.Build.0 = Release|Any CPU
		{1E02E060-DABB-AA29-5E21-DC4F6E721642}.Debug|Any CPU.ActiveCfg = Debug|Any CPU
		{1E02E060-DABB-AA29-5E21-DC4F6E721642}.Debug|Any CPU.Build.0 = Debug|Any CPU
		{1E02E060-DABB-AA29-5E21-DC4F6E721642}.Release|Any CPU.ActiveCfg = Release|Any CPU
		{1E02E060-DABB-AA29-5E21-DC4F6E721642}.Release|Any CPU.Build.0 = Release|Any CPU
		{5059970C-294F-2F73-112F-82DDFF83CB57}.Debug|Any CPU.ActiveCfg = Debug|Any CPU
		{5059970C-294F-2F73-112F-82DDFF83CB57}.Debug|Any CPU.Build.0 = Debug|Any CPU
		{5059970C-294F-2F73-112F-82DDFF83CB57}.Release|Any CPU.ActiveCfg = Release|Any CPU
		{5059970C-294F-2F73-112F-82DDFF83CB57}.Release|Any CPU.Build.0 = Release|Any CPU
		{ADE7BB64-3A95-157F-9EB2-A1EBAC568976}.Debug|Any CPU.ActiveCfg = Debug|Any CPU
		{ADE7BB64-3A95-157F-9EB2-A1EBAC568976}.Debug|Any CPU.Build.0 = Debug|Any CPU
		{ADE7BB64-3A95-157F-9EB2-A1EBAC568976}.Release|Any CPU.ActiveCfg = Release|Any CPU
		{ADE7BB64-3A95-157F-9EB2-A1EBAC568976}.Release|Any CPU.Build.0 = Release|Any CPU
		{1C21A8D6-D7C9-7B7D-26E5-011C542E81A4}.Debug|Any CPU.ActiveCfg = Debug|Any CPU
		{1C21A8D6-D7C9-7B7D-26E5-011C542E81A4}.Debug|Any CPU.Build.0 = Debug|Any CPU
		{1C21A8D6-D7C9-7B7D-26E5-011C542E81A4}.Release|Any CPU.ActiveCfg = Release|Any CPU
		{1C21A8D6-D7C9-7B7D-26E5-011C542E81A4}.Release|Any CPU.Build.0 = Release|Any CPU
		{7685A9A4-D08A-ED05-A2AD-DFC7634539FB}.Debug|Any CPU.ActiveCfg = Debug|Any CPU
		{7685A9A4-D08A-ED05-A2AD-DFC7634539FB}.Debug|Any CPU.Build.0 = Debug|Any CPU
		{7685A9A4-D08A-ED05-A2AD-DFC7634539FB}.Release|Any CPU.ActiveCfg = Release|Any CPU
		{7685A9A4-D08A-ED05-A2AD-DFC7634539FB}.Release|Any CPU.Build.0 = Release|Any CPU
		{A7DB5B8D-F888-BC4A-DA17-4CF1156BB110}.Debug|Any CPU.ActiveCfg = Debug|Any CPU
		{A7DB5B8D-F888-BC4A-DA17-4CF1156BB110}.Debug|Any CPU.Build.0 = Debug|Any CPU
		{A7DB5B8D-F888-BC4A-DA17-4CF1156BB110}.Release|Any CPU.ActiveCfg = Release|Any CPU
		{A7DB5B8D-F888-BC4A-DA17-4CF1156BB110}.Release|Any CPU.Build.0 = Release|Any CPU
		{E8546262-0355-19DC-D910-AC3624BB0B42}.Debug|Any CPU.ActiveCfg = Debug|Any CPU
		{E8546262-0355-19DC-D910-AC3624BB0B42}.Debug|Any CPU.Build.0 = Debug|Any CPU
		{E8546262-0355-19DC-D910-AC3624BB0B42}.Release|Any CPU.ActiveCfg = Release|Any CPU
		{E8546262-0355-19DC-D910-AC3624BB0B42}.Release|Any CPU.Build.0 = Release|Any CPU
		{459A292C-C268-AF7E-E08D-914EEFB877B8}.Debug|Any CPU.ActiveCfg = Debug|Any CPU
		{459A292C-C268-AF7E-E08D-914EEFB877B8}.Debug|Any CPU.Build.0 = Debug|Any CPU
		{459A292C-C268-AF7E-E08D-914EEFB877B8}.Release|Any CPU.ActiveCfg = Release|Any CPU
		{459A292C-C268-AF7E-E08D-914EEFB877B8}.Release|Any CPU.Build.0 = Release|Any CPU
		{FD53D682-1D18-4E75-B569-C38B482D07B2}.Debug|Any CPU.ActiveCfg = Debug|Any CPU
		{FD53D682-1D18-4E75-B569-C38B482D07B2}.Debug|Any CPU.Build.0 = Debug|Any CPU
		{FD53D682-1D18-4E75-B569-C38B482D07B2}.Release|Any CPU.ActiveCfg = Release|Any CPU
		{FD53D682-1D18-4E75-B569-C38B482D07B2}.Release|Any CPU.Build.0 = Release|Any CPU
		{BE841399-1511-874A-9877-7DEAA3FB8FBE}.Debug|Any CPU.ActiveCfg = Debug|Any CPU
		{BE841399-1511-874A-9877-7DEAA3FB8FBE}.Debug|Any CPU.Build.0 = Debug|Any CPU
		{BE841399-1511-874A-9877-7DEAA3FB8FBE}.Release|Any CPU.ActiveCfg = Release|Any CPU
		{BE841399-1511-874A-9877-7DEAA3FB8FBE}.Release|Any CPU.Build.0 = Release|Any CPU
		{77E44609-AE1A-35AD-8FC1-6B74EDBEC61F}.Debug|Any CPU.ActiveCfg = Debug|Any CPU
		{77E44609-AE1A-35AD-8FC1-6B74EDBEC61F}.Debug|Any CPU.Build.0 = Debug|Any CPU
		{77E44609-AE1A-35AD-8FC1-6B74EDBEC61F}.Release|Any CPU.ActiveCfg = Release|Any CPU
		{77E44609-AE1A-35AD-8FC1-6B74EDBEC61F}.Release|Any CPU.Build.0 = Release|Any CPU
		{96843497-F0A8-05FC-A430-723604DCFFD6}.Debug|Any CPU.ActiveCfg = Debug|Any CPU
		{96843497-F0A8-05FC-A430-723604DCFFD6}.Debug|Any CPU.Build.0 = Debug|Any CPU
		{96843497-F0A8-05FC-A430-723604DCFFD6}.Release|Any CPU.ActiveCfg = Release|Any CPU
		{96843497-F0A8-05FC-A430-723604DCFFD6}.Release|Any CPU.Build.0 = Release|Any CPU
		{E6173D50-8F31-A846-EC17-E7C77FE44AC2}.Debug|Any CPU.ActiveCfg = Debug|Any CPU
		{E6173D50-8F31-A846-EC17-E7C77FE44AC2}.Debug|Any CPU.Build.0 = Debug|Any CPU
		{E6173D50-8F31-A846-EC17-E7C77FE44AC2}.Release|Any CPU.ActiveCfg = Release|Any CPU
		{E6173D50-8F31-A846-EC17-E7C77FE44AC2}.Release|Any CPU.Build.0 = Release|Any CPU
		{7C9DA36E-CB58-5741-9404-894D150D9706}.Debug|Any CPU.ActiveCfg = Debug|Any CPU
		{7C9DA36E-CB58-5741-9404-894D150D9706}.Debug|Any CPU.Build.0 = Debug|Any CPU
		{7C9DA36E-CB58-5741-9404-894D150D9706}.Release|Any CPU.ActiveCfg = Release|Any CPU
		{7C9DA36E-CB58-5741-9404-894D150D9706}.Release|Any CPU.Build.0 = Release|Any CPU
		{73705A93-4CEE-8CD9-C83E-7925EEC7F89E}.Debug|Any CPU.ActiveCfg = Debug|Any CPU
		{73705A93-4CEE-8CD9-C83E-7925EEC7F89E}.Debug|Any CPU.Build.0 = Debug|Any CPU
		{73705A93-4CEE-8CD9-C83E-7925EEC7F89E}.Release|Any CPU.ActiveCfg = Release|Any CPU
		{73705A93-4CEE-8CD9-C83E-7925EEC7F89E}.Release|Any CPU.Build.0 = Release|Any CPU
		{AC1439F5-6F25-B8FE-013B-715D486281D3}.Debug|Any CPU.ActiveCfg = Debug|Any CPU
		{AC1439F5-6F25-B8FE-013B-715D486281D3}.Debug|Any CPU.Build.0 = Debug|Any CPU
		{AC1439F5-6F25-B8FE-013B-715D486281D3}.Release|Any CPU.ActiveCfg = Release|Any CPU
		{AC1439F5-6F25-B8FE-013B-715D486281D3}.Release|Any CPU.Build.0 = Release|Any CPU
		{3BB9EAAF-BA6C-7E3D-7BA4-B0ACB66296D6}.Debug|Any CPU.ActiveCfg = Debug|Any CPU
		{3BB9EAAF-BA6C-7E3D-7BA4-B0ACB66296D6}.Debug|Any CPU.Build.0 = Debug|Any CPU
		{3BB9EAAF-BA6C-7E3D-7BA4-B0ACB66296D6}.Release|Any CPU.ActiveCfg = Release|Any CPU
		{3BB9EAAF-BA6C-7E3D-7BA4-B0ACB66296D6}.Release|Any CPU.Build.0 = Release|Any CPU
		{F1A6F906-BB82-D6CC-FB8C-811E29B71F4F}.Debug|Any CPU.ActiveCfg = Debug|Any CPU
		{F1A6F906-BB82-D6CC-FB8C-811E29B71F4F}.Debug|Any CPU.Build.0 = Debug|Any CPU
		{F1A6F906-BB82-D6CC-FB8C-811E29B71F4F}.Release|Any CPU.ActiveCfg = Release|Any CPU
		{F1A6F906-BB82-D6CC-FB8C-811E29B71F4F}.Release|Any CPU.Build.0 = Release|Any CPU
		{A1527DBF-35BB-D603-F3C1-9723361FB68E}.Debug|Any CPU.ActiveCfg = Debug|Any CPU
		{A1527DBF-35BB-D603-F3C1-9723361FB68E}.Debug|Any CPU.Build.0 = Debug|Any CPU
		{A1527DBF-35BB-D603-F3C1-9723361FB68E}.Release|Any CPU.ActiveCfg = Release|Any CPU
		{A1527DBF-35BB-D603-F3C1-9723361FB68E}.Release|Any CPU.Build.0 = Release|Any CPU
		{879BBC39-B29C-936A-EDB4-952D89F5E346}.Debug|Any CPU.ActiveCfg = Debug|Any CPU
		{879BBC39-B29C-936A-EDB4-952D89F5E346}.Debug|Any CPU.Build.0 = Debug|Any CPU
		{879BBC39-B29C-936A-EDB4-952D89F5E346}.Release|Any CPU.ActiveCfg = Release|Any CPU
		{879BBC39-B29C-936A-EDB4-952D89F5E346}.Release|Any CPU.Build.0 = Release|Any CPU
		{69451015-51AC-E029-C40E-94FC054D8CD1}.Debug|Any CPU.ActiveCfg = Debug|Any CPU
		{69451015-51AC-E029-C40E-94FC054D8CD1}.Debug|Any CPU.Build.0 = Debug|Any CPU
		{69451015-51AC-E029-C40E-94FC054D8CD1}.Release|Any CPU.ActiveCfg = Release|Any CPU
		{69451015-51AC-E029-C40E-94FC054D8CD1}.Release|Any CPU.Build.0 = Release|Any CPU
		{E24E5F8B-8E49-40AF-1948-5775D39D01A3}.Debug|Any CPU.ActiveCfg = Debug|Any CPU
		{E24E5F8B-8E49-40AF-1948-5775D39D01A3}.Debug|Any CPU.Build.0 = Debug|Any CPU
		{E24E5F8B-8E49-40AF-1948-5775D39D01A3}.Release|Any CPU.ActiveCfg = Release|Any CPU
		{E24E5F8B-8E49-40AF-1948-5775D39D01A3}.Release|Any CPU.Build.0 = Release|Any CPU
		{8A7435F1-E587-3FE3-DE28-C72433B09DF2}.Debug|Any CPU.ActiveCfg = Debug|Any CPU
		{8A7435F1-E587-3FE3-DE28-C72433B09DF2}.Debug|Any CPU.Build.0 = Debug|Any CPU
		{8A7435F1-E587-3FE3-DE28-C72433B09DF2}.Release|Any CPU.ActiveCfg = Release|Any CPU
		{8A7435F1-E587-3FE3-DE28-C72433B09DF2}.Release|Any CPU.Build.0 = Release|Any CPU
		{0DF5F660-A895-A55E-31D3-54793DE80F20}.Debug|Any CPU.ActiveCfg = Debug|Any CPU
		{0DF5F660-A895-A55E-31D3-54793DE80F20}.Debug|Any CPU.Build.0 = Debug|Any CPU
		{0DF5F660-A895-A55E-31D3-54793DE80F20}.Release|Any CPU.ActiveCfg = Release|Any CPU
		{0DF5F660-A895-A55E-31D3-54793DE80F20}.Release|Any CPU.Build.0 = Release|Any CPU
		{21A07FF9-3F43-5C28-2AB6-0B7D68158C50}.Debug|Any CPU.ActiveCfg = Debug|Any CPU
		{21A07FF9-3F43-5C28-2AB6-0B7D68158C50}.Debug|Any CPU.Build.0 = Debug|Any CPU
		{21A07FF9-3F43-5C28-2AB6-0B7D68158C50}.Release|Any CPU.ActiveCfg = Release|Any CPU
		{21A07FF9-3F43-5C28-2AB6-0B7D68158C50}.Release|Any CPU.Build.0 = Release|Any CPU
		{04F29C96-9F33-0878-870F-336CDA4C2B8C}.Debug|Any CPU.ActiveCfg = Debug|Any CPU
		{04F29C96-9F33-0878-870F-336CDA4C2B8C}.Debug|Any CPU.Build.0 = Debug|Any CPU
		{04F29C96-9F33-0878-870F-336CDA4C2B8C}.Release|Any CPU.ActiveCfg = Release|Any CPU
		{04F29C96-9F33-0878-870F-336CDA4C2B8C}.Release|Any CPU.Build.0 = Release|Any CPU
		{BAF1224C-759B-8479-42C8-3CF422CAF64D}.Debug|Any CPU.ActiveCfg = Debug|Any CPU
		{BAF1224C-759B-8479-42C8-3CF422CAF64D}.Debug|Any CPU.Build.0 = Debug|Any CPU
		{BAF1224C-759B-8479-42C8-3CF422CAF64D}.Release|Any CPU.ActiveCfg = Release|Any CPU
		{BAF1224C-759B-8479-42C8-3CF422CAF64D}.Release|Any CPU.Build.0 = Release|Any CPU
		{4CB5B2FF-B65B-9FCE-F410-C1E6CBD96777}.Debug|Any CPU.ActiveCfg = Debug|Any CPU
		{4CB5B2FF-B65B-9FCE-F410-C1E6CBD96777}.Debug|Any CPU.Build.0 = Debug|Any CPU
		{4CB5B2FF-B65B-9FCE-F410-C1E6CBD96777}.Release|Any CPU.ActiveCfg = Release|Any CPU
		{4CB5B2FF-B65B-9FCE-F410-C1E6CBD96777}.Release|Any CPU.Build.0 = Release|Any CPU
		{87B267BC-B4FF-A555-502B-2B66849D730F}.Debug|Any CPU.ActiveCfg = Debug|Any CPU
		{87B267BC-B4FF-A555-502B-2B66849D730F}.Debug|Any CPU.Build.0 = Debug|Any CPU
		{87B267BC-B4FF-A555-502B-2B66849D730F}.Release|Any CPU.ActiveCfg = Release|Any CPU
		{87B267BC-B4FF-A555-502B-2B66849D730F}.Release|Any CPU.Build.0 = Release|Any CPU
	EndGlobalSection
	GlobalSection(SolutionProperties) = preSolution
		HideSolutionNode = FALSE
	EndGlobalSection
EndGlobal
